// !$*UTF8*$!
{
	archiveVersion = 1;
	classes = {
	};
	objectVersion = 46;
	objects = {

/* Begin PBXBuildFile section */
		F1A377701C74BD3400DC4153 /* AppDelegate.swift in Sources */ = {isa = PBXBuildFile; fileRef = F1A3776F1C74BD3400DC4153 /* AppDelegate.swift */; };
		F1A377721C74BD3400DC4153 /* ViewController.swift in Sources */ = {isa = PBXBuildFile; fileRef = F1A377711C74BD3400DC4153 /* ViewController.swift */; };
		F1A377751C74BD3400DC4153 /* Main.storyboard in Resources */ = {isa = PBXBuildFile; fileRef = F1A377731C74BD3400DC4153 /* Main.storyboard */; };
		F1A377771C74BD3400DC4153 /* Assets.xcassets in Resources */ = {isa = PBXBuildFile; fileRef = F1A377761C74BD3400DC4153 /* Assets.xcassets */; };
		F1A3777A1C74BD3400DC4153 /* LaunchScreen.storyboard in Resources */ = {isa = PBXBuildFile; fileRef = F1A377781C74BD3400DC4153 /* LaunchScreen.storyboard */; };
		F1A377851C74BD3400DC4153 /* velocimetroTests.swift in Sources */ = {isa = PBXBuildFile; fileRef = F1A377841C74BD3400DC4153 /* velocimetroTests.swift */; };
		F1A377901C74BD3400DC4153 /* velocimetroUITests.swift in Sources */ = {isa = PBXBuildFile; fileRef = F1A3778F1C74BD3400DC4153 /* velocimetroUITests.swift */; };
/* End PBXBuildFile section */

/* Begin PBXContainerItemProxy section */
		F1A377811C74BD3400DC4153 /* PBXContainerItemProxy */ = {
			isa = PBXContainerItemProxy;
			containerPortal = F1A377641C74BD3400DC4153 /* Project object */;
			proxyType = 1;
			remoteGlobalIDString = F1A3776B1C74BD3400DC4153;
			remoteInfo = velocimetro;
		};
		F1A3778C1C74BD3400DC4153 /* PBXContainerItemProxy */ = {
			isa = PBXContainerItemProxy;
			containerPortal = F1A377641C74BD3400DC4153 /* Project object */;
			proxyType = 1;
			remoteGlobalIDString = F1A3776B1C74BD3400DC4153;
			remoteInfo = velocimetro;
		};
/* End PBXContainerItemProxy section */

/* Begin PBXFileReference section */
		F1A3776C1C74BD3400DC4153 /* velocimetro.app */ = {isa = PBXFileReference; explicitFileType = wrapper.application; includeInIndex = 0; path = velocimetro.app; sourceTree = BUILT_PRODUCTS_DIR; };
		F1A3776F1C74BD3400DC4153 /* AppDelegate.swift */ = {isa = PBXFileReference; lastKnownFileType = sourcecode.swift; path = AppDelegate.swift; sourceTree = "<group>"; };
		F1A377711C74BD3400DC4153 /* ViewController.swift */ = {isa = PBXFileReference; lastKnownFileType = sourcecode.swift; path = ViewController.swift; sourceTree = "<group>"; };
		F1A377741C74BD3400DC4153 /* Base */ = {isa = PBXFileReference; lastKnownFileType = file.storyboard; name = Base; path = Base.lproj/Main.storyboard; sourceTree = "<group>"; };
		F1A377761C74BD3400DC4153 /* Assets.xcassets */ = {isa = PBXFileReference; lastKnownFileType = folder.assetcatalog; path = Assets.xcassets; sourceTree = "<group>"; };
		F1A377791C74BD3400DC4153 /* Base */ = {isa = PBXFileReference; lastKnownFileType = file.storyboard; name = Base; path = Base.lproj/LaunchScreen.storyboard; sourceTree = "<group>"; };
		F1A3777B1C74BD3400DC4153 /* Info.plist */ = {isa = PBXFileReference; lastKnownFileType = text.plist.xml; path = Info.plist; sourceTree = "<group>"; };
		F1A377801C74BD3400DC4153 /* velocimetroTests.xctest */ = {isa = PBXFileReference; explicitFileType = wrapper.cfbundle; includeInIndex = 0; path = velocimetroTests.xctest; sourceTree = BUILT_PRODUCTS_DIR; };
		F1A377841C74BD3400DC4153 /* velocimetroTests.swift */ = {isa = PBXFileReference; lastKnownFileType = sourcecode.swift; path = velocimetroTests.swift; sourceTree = "<group>"; };
		F1A377861C74BD3400DC4153 /* Info.plist */ = {isa = PBXFileReference; lastKnownFileType = text.plist.xml; path = Info.plist; sourceTree = "<group>"; };
		F1A3778B1C74BD3400DC4153 /* velocimetroUITests.xctest */ = {isa = PBXFileReference; explicitFileType = wrapper.cfbundle; includeInIndex = 0; path = velocimetroUITests.xctest; sourceTree = BUILT_PRODUCTS_DIR; };
		F1A3778F1C74BD3400DC4153 /* velocimetroUITests.swift */ = {isa = PBXFileReference; lastKnownFileType = sourcecode.swift; path = velocimetroUITests.swift; sourceTree = "<group>"; };
		F1A377911C74BD3400DC4153 /* Info.plist */ = {isa = PBXFileReference; lastKnownFileType = text.plist.xml; path = Info.plist; sourceTree = "<group>"; };
/* End PBXFileReference section */

/* Begin PBXFrameworksBuildPhase section */
		F1A377691C74BD3400DC4153 /* Frameworks */ = {
			isa = PBXFrameworksBuildPhase;
			buildActionMask = 2147483647;
			files = (
			);
			runOnlyForDeploymentPostprocessing = 0;
		};
		F1A3777D1C74BD3400DC4153 /* Frameworks */ = {
			isa = PBXFrameworksBuildPhase;
			buildActionMask = 2147483647;
			files = (
			);
			runOnlyForDeploymentPostprocessing = 0;
		};
		F1A377881C74BD3400DC4153 /* Frameworks */ = {
			isa = PBXFrameworksBuildPhase;
			buildActionMask = 2147483647;
			files = (
			);
			runOnlyForDeploymentPostprocessing = 0;
		};
/* End PBXFrameworksBuildPhase section */

/* Begin PBXGroup section */
		F1A377631C74BD3400DC4153 = {
			isa = PBXGroup;
			children = (
				F1A3776E1C74BD3400DC4153 /* velocimetro */,
				F1A377831C74BD3400DC4153 /* velocimetroTests */,
				F1A3778E1C74BD3400DC4153 /* velocimetroUITests */,
				F1A3776D1C74BD3400DC4153 /* Products */,
			);
			sourceTree = "<group>";
		};
		F1A3776D1C74BD3400DC4153 /* Products */ = {
			isa = PBXGroup;
			children = (
				F1A3776C1C74BD3400DC4153 /* velocimetro.app */,
				F1A377801C74BD3400DC4153 /* velocimetroTests.xctest */,
				F1A3778B1C74BD3400DC4153 /* velocimetroUITests.xctest */,
			);
			name = Products;
			sourceTree = "<group>";
		};
		F1A3776E1C74BD3400DC4153 /* velocimetro */ = {
			isa = PBXGroup;
			children = (
				F1A3776F1C74BD3400DC4153 /* AppDelegate.swift */,
				F1A377711C74BD3400DC4153 /* ViewController.swift */,
				F1A377731C74BD3400DC4153 /* Main.storyboard */,
				F1A377761C74BD3400DC4153 /* Assets.xcassets */,
				F1A377781C74BD3400DC4153 /* LaunchScreen.storyboard */,
				F1A3777B1C74BD3400DC4153 /* Info.plist */,
			);
			path = velocimetro;
			sourceTree = "<group>";
		};
		F1A377831C74BD3400DC4153 /* velocimetroTests */ = {
			isa = PBXGroup;
			children = (
				F1A377841C74BD3400DC4153 /* velocimetroTests.swift */,
				F1A377861C74BD3400DC4153 /* Info.plist */,
			);
			path = velocimetroTests;
			sourceTree = "<group>";
		};
		F1A3778E1C74BD3400DC4153 /* velocimetroUITests */ = {
			isa = PBXGroup;
			children = (
				F1A3778F1C74BD3400DC4153 /* velocimetroUITests.swift */,
				F1A377911C74BD3400DC4153 /* Info.plist */,
			);
			path = velocimetroUITests;
			sourceTree = "<group>";
		};
/* End PBXGroup section */

/* Begin PBXNativeTarget section */
		F1A3776B1C74BD3400DC4153 /* velocimetro */ = {
			isa = PBXNativeTarget;
			buildConfigurationList = F1A377941C74BD3400DC4153 /* Build configuration list for PBXNativeTarget "velocimetro" */;
			buildPhases = (
				F1A377681C74BD3400DC4153 /* Sources */,
				F1A377691C74BD3400DC4153 /* Frameworks */,
				F1A3776A1C74BD3400DC4153 /* Resources */,
			);
			buildRules = (
			);
			dependencies = (
			);
			name = velocimetro;
			productName = velocimetro;
			productReference = F1A3776C1C74BD3400DC4153 /* velocimetro.app */;
			productType = "com.apple.product-type.application";
		};
		F1A3777F1C74BD3400DC4153 /* velocimetroTests */ = {
			isa = PBXNativeTarget;
			buildConfigurationList = F1A377971C74BD3400DC4153 /* Build configuration list for PBXNativeTarget "velocimetroTests" */;
			buildPhases = (
				F1A3777C1C74BD3400DC4153 /* Sources */,
				F1A3777D1C74BD3400DC4153 /* Frameworks */,
				F1A3777E1C74BD3400DC4153 /* Resources */,
			);
			buildRules = (
			);
			dependencies = (
				F1A377821C74BD3400DC4153 /* PBXTargetDependency */,
			);
			name = velocimetroTests;
			productName = velocimetroTests;
			productReference = F1A377801C74BD3400DC4153 /* velocimetroTests.xctest */;
			productType = "com.apple.product-type.bundle.unit-test";
		};
		F1A3778A1C74BD3400DC4153 /* velocimetroUITests */ = {
			isa = PBXNativeTarget;
			buildConfigurationList = F1A3779A1C74BD3400DC4153 /* Build configuration list for PBXNativeTarget "velocimetroUITests" */;
			buildPhases = (
				F1A377871C74BD3400DC4153 /* Sources */,
				F1A377881C74BD3400DC4153 /* Frameworks */,
				F1A377891C74BD3400DC4153 /* Resources */,
			);
			buildRules = (
			);
			dependencies = (
				F1A3778D1C74BD3400DC4153 /* PBXTargetDependency */,
			);
			name = velocimetroUITests;
			productName = velocimetroUITests;
			productReference = F1A3778B1C74BD3400DC4153 /* velocimetroUITests.xctest */;
			productType = "com.apple.product-type.bundle.ui-testing";
		};
/* End PBXNativeTarget section */

/* Begin PBXProject section */
		F1A377641C74BD3400DC4153 /* Project object */ = {
			isa = PBXProject;
			attributes = {
				LastSwiftUpdateCheck = 0730;
				LastUpgradeCheck = 0730;
				ORGANIZATIONNAME = "Antonio Jesús Padilla Pardo";
				TargetAttributes = {
					F1A3776B1C74BD3400DC4153 = {
						CreatedOnToolsVersion = 7.3;
					};
					F1A3777F1C74BD3400DC4153 = {
						CreatedOnToolsVersion = 7.3;
						TestTargetID = F1A3776B1C74BD3400DC4153;
					};
					F1A3778A1C74BD3400DC4153 = {
						CreatedOnToolsVersion = 7.3;
						TestTargetID = F1A3776B1C74BD3400DC4153;
					};
				};
			};
			buildConfigurationList = F1A377671C74BD3400DC4153 /* Build configuration list for PBXProject "velocimetro" */;
			compatibilityVersion = "Xcode 3.2";
			developmentRegion = English;
			hasScannedForEncodings = 0;
			knownRegions = (
				en,
				Base,
			);
			mainGroup = F1A377631C74BD3400DC4153;
			productRefGroup = F1A3776D1C74BD3400DC4153 /* Products */;
			projectDirPath = "";
			projectRoot = "";
			targets = (
				F1A3776B1C74BD3400DC4153 /* velocimetro */,
				F1A3777F1C74BD3400DC4153 /* velocimetroTests */,
				F1A3778A1C74BD3400DC4153 /* velocimetroUITests */,
			);
		};
/* End PBXProject section */

/* Begin PBXResourcesBuildPhase section */
		F1A3776A1C74BD3400DC4153 /* Resources */ = {
			isa = PBXResourcesBuildPhase;
			buildActionMask = 2147483647;
			files = (
				F1A3777A1C74BD3400DC4153 /* LaunchScreen.storyboard in Resources */,
				F1A377771C74BD3400DC4153 /* Assets.xcassets in Resources */,
				F1A377751C74BD3400DC4153 /* Main.storyboard in Resources */,
			);
			runOnlyForDeploymentPostprocessing = 0;
		};
		F1A3777E1C74BD3400DC4153 /* Resources */ = {
			isa = PBXResourcesBuildPhase;
			buildActionMask = 2147483647;
			files = (
			);
			runOnlyForDeploymentPostprocessing = 0;
		};
		F1A377891C74BD3400DC4153 /* Resources */ = {
			isa = PBXResourcesBuildPhase;
			buildActionMask = 2147483647;
			files = (
			);
			runOnlyForDeploymentPostprocessing = 0;
		};
/* End PBXResourcesBuildPhase section */

/* Begin PBXSourcesBuildPhase section */
		F1A377681C74BD3400DC4153 /* Sources */ = {
			isa = PBXSourcesBuildPhase;
			buildActionMask = 2147483647;
			files = (
				F1A377721C74BD3400DC4153 /* ViewController.swift in Sources */,
				F1A377701C74BD3400DC4153 /* AppDelegate.swift in Sources */,
			);
			runOnlyForDeploymentPostprocessing = 0;
		};
		F1A3777C1C74BD3400DC4153 /* Sources */ = {
			isa = PBXSourcesBuildPhase;
			buildActionMask = 2147483647;
			files = (
				F1A377851C74BD3400DC4153 /* velocimetroTests.swift in Sources */,
			);
			runOnlyForDeploymentPostprocessing = 0;
		};
		F1A377871C74BD3400DC4153 /* Sources */ = {
			isa = PBXSourcesBuildPhase;
			buildActionMask = 2147483647;
			files = (
				F1A377901C74BD3400DC4153 /* velocimetroUITests.swift in Sources */,
			);
			runOnlyForDeploymentPostprocessing = 0;
		};
/* End PBXSourcesBuildPhase section */

/* Begin PBXTargetDependency section */
		F1A377821C74BD3400DC4153 /* PBXTargetDependency */ = {
			isa = PBXTargetDependency;
			target = F1A3776B1C74BD3400DC4153 /* velocimetro */;
			targetProxy = F1A377811C74BD3400DC4153 /* PBXContainerItemProxy */;
		};
		F1A3778D1C74BD3400DC4153 /* PBXTargetDependency */ = {
			isa = PBXTargetDependency;
			target = F1A3776B1C74BD3400DC4153 /* velocimetro */;
			targetProxy = F1A3778C1C74BD3400DC4153 /* PBXContainerItemProxy */;
		};
/* End PBXTargetDependency section */

/* Begin PBXVariantGroup section */
		F1A377731C74BD3400DC4153 /* Main.storyboard */ = {
			isa = PBXVariantGroup;
			children = (
				F1A377741C74BD3400DC4153 /* Base */,
			);
			name = Main.storyboard;
			sourceTree = "<group>";
		};
		F1A377781C74BD3400DC4153 /* LaunchScreen.storyboard */ = {
			isa = PBXVariantGroup;
			children = (
				F1A377791C74BD3400DC4153 /* Base */,
			);
			name = LaunchScreen.storyboard;
			sourceTree = "<group>";
		};
/* End PBXVariantGroup section */

/* Begin XCBuildConfiguration section */
		F1A377921C74BD3400DC4153 /* Debug */ = {
			isa = XCBuildConfiguration;
			buildSettings = {
				ALWAYS_SEARCH_USER_PATHS = NO;
				CLANG_CXX_LANGUAGE_STANDARD = "gnu++0x";
				CLANG_CXX_LIBRARY = "libc++";
				CLANG_ENABLE_MODULES = YES;
				CLANG_ENABLE_OBJC_ARC = YES;
				CLANG_WARN_BOOL_CONVERSION = YES;
				CLANG_WARN_CONSTANT_CONVERSION = YES;
				CLANG_WARN_DIRECT_OBJC_ISA_USAGE = YES_ERROR;
				CLANG_WARN_EMPTY_BODY = YES;
				CLANG_WARN_ENUM_CONVERSION = YES;
				CLANG_WARN_INT_CONVERSION = YES;
				CLANG_WARN_OBJC_ROOT_CLASS = YES_ERROR;
				CLANG_WARN_UNREACHABLE_CODE = YES;
				CLANG_WARN__DUPLICATE_METHOD_MATCH = YES;
				"CODE_SIGN_IDENTITY[sdk=iphoneos*]" = "iPhone Developer";
				COPY_PHASE_STRIP = NO;
				DEBUG_INFORMATION_FORMAT = dwarf;
				ENABLE_STRICT_OBJC_MSGSEND = YES;
				ENABLE_TESTABILITY = YES;
				GCC_C_LANGUAGE_STANDARD = gnu99;
				GCC_DYNAMIC_NO_PIC = NO;
				GCC_NO_COMMON_BLOCKS = YES;
				GCC_OPTIMIZATION_LEVEL = 0;
				GCC_PREPROCESSOR_DEFINITIONS = (
					"DEBUG=1",
					"$(inherited)",
				);
				GCC_WARN_64_TO_32_BIT_CONVERSION = YES;
				GCC_WARN_ABOUT_RETURN_TYPE = YES_ERROR;
				GCC_WARN_UNDECLARED_SELECTOR = YES;
				GCC_WARN_UNINITIALIZED_AUTOS = YES_AGGRESSIVE;
				GCC_WARN_UNUSED_FUNCTION = YES;
				GCC_WARN_UNUSED_VARIABLE = YES;
				IPHONEOS_DEPLOYMENT_TARGET = 9.3;
				MTL_ENABLE_DEBUG_INFO = YES;
				ONLY_ACTIVE_ARCH = YES;
				SDKROOT = iphoneos;
				SWIFT_OPTIMIZATION_LEVEL = "-Onone";
			};
			name = Debug;
		};
		F1A377931C74BD3400DC4153 /* Release */ = {
			isa = XCBuildConfiguration;
			buildSettings = {
				ALWAYS_SEARCH_USER_PATHS = NO;
				CLANG_CXX_LANGUAGE_STANDARD = "gnu++0x";
				CLANG_CXX_LIBRARY = "libc++";
				CLANG_ENABLE_MODULES = YES;
				CLANG_ENABLE_OBJC_ARC = YES;
				CLANG_WARN_BOOL_CONVERSION = YES;
				CLANG_WARN_CONSTANT_CONVERSION = YES;
				CLANG_WARN_DIRECT_OBJC_ISA_USAGE = YES_ERROR;
				CLANG_WARN_EMPTY_BODY = YES;
				CLANG_WARN_ENUM_CONVERSION = YES;
				CLANG_WARN_INT_CONVERSION = YES;
				CLANG_WARN_OBJC_ROOT_CLASS = YES_ERROR;
				CLANG_WARN_UNREACHABLE_CODE = YES;
				CLANG_WARN__DUPLICATE_METHOD_MATCH = YES;
				"CODE_SIGN_IDENTITY[sdk=iphoneos*]" = "iPhone Developer";
				COPY_PHASE_STRIP = NO;
				DEBUG_INFORMATION_FORMAT = "dwarf-with-dsym";
				ENABLE_NS_ASSERTIONS = NO;
				ENABLE_STRICT_OBJC_MSGSEND = YES;
				GCC_C_LANGUAGE_STANDARD = gnu99;
				GCC_NO_COMMON_BLOCKS = YES;
				GCC_WARN_64_TO_32_BIT_CONVERSION = YES;
				GCC_WARN_ABOUT_RETURN_TYPE = YES_ERROR;
				GCC_WARN_UNDECLARED_SELECTOR = YES;
				GCC_WARN_UNINITIALIZED_AUTOS = YES_AGGRESSIVE;
				GCC_WARN_UNUSED_FUNCTION = YES;
				GCC_WARN_UNUSED_VARIABLE = YES;
				IPHONEOS_DEPLOYMENT_TARGET = 9.3;
				MTL_ENABLE_DEBUG_INFO = NO;
				SDKROOT = iphoneos;
				VALIDATE_PRODUCT = YES;
			};
			name = Release;
		};
		F1A377951C74BD3400DC4153 /* Debug */ = {
			isa = XCBuildConfiguration;
			buildSettings = {
				ASSETCATALOG_COMPILER_APPICON_NAME = AppIcon;
				INFOPLIST_FILE = velocimetro/Info.plist;
				LD_RUNPATH_SEARCH_PATHS = "$(inherited) @executable_path/Frameworks";
				PRODUCT_BUNDLE_IDENTIFIER = es.ajpp.velocimetro;
				PRODUCT_NAME = "$(TARGET_NAME)";
			};
			name = Debug;
		};
		F1A377961C74BD3400DC4153 /* Release */ = {
			isa = XCBuildConfiguration;
			buildSettings = {
				ASSETCATALOG_COMPILER_APPICON_NAME = AppIcon;
				INFOPLIST_FILE = velocimetro/Info.plist;
				LD_RUNPATH_SEARCH_PATHS = "$(inherited) @executable_path/Frameworks";
				PRODUCT_BUNDLE_IDENTIFIER = es.ajpp.velocimetro;
				PRODUCT_NAME = "$(TARGET_NAME)";
			};
			name = Release;
		};
		F1A377981C74BD3400DC4153 /* Debug */ = {
			isa = XCBuildConfiguration;
			buildSettings = {
				BUNDLE_LOADER = "$(TEST_HOST)";
				INFOPLIST_FILE = velocimetroTests/Info.plist;
				LD_RUNPATH_SEARCH_PATHS = "$(inherited) @executable_path/Frameworks @loader_path/Frameworks";
				PRODUCT_BUNDLE_IDENTIFIER = es.ajpp.velocimetroTests;
				PRODUCT_NAME = "$(TARGET_NAME)";
				TEST_HOST = "$(BUILT_PRODUCTS_DIR)/velocimetro.app/velocimetro";
			};
			name = Debug;
		};
		F1A377991C74BD3400DC4153 /* Release */ = {
			isa = XCBuildConfiguration;
			buildSettings = {
				BUNDLE_LOADER = "$(TEST_HOST)";
				INFOPLIST_FILE = velocimetroTests/Info.plist;
				LD_RUNPATH_SEARCH_PATHS = "$(inherited) @executable_path/Frameworks @loader_path/Frameworks";
				PRODUCT_BUNDLE_IDENTIFIER = es.ajpp.velocimetroTests;
				PRODUCT_NAME = "$(TARGET_NAME)";
				TEST_HOST = "$(BUILT_PRODUCTS_DIR)/velocimetro.app/velocimetro";
			};
			name = Release;
		};
		F1A3779B1C74BD3400DC4153 /* Debug */ = {
			isa = XCBuildConfiguration;
			buildSettings = {
				INFOPLIST_FILE = velocimetroUITests/Info.plist;
				LD_RUNPATH_SEARCH_PATHS = "$(inherited) @executable_path/Frameworks @loader_path/Frameworks";
				PRODUCT_BUNDLE_IDENTIFIER = es.ajpp.velocimetroUITests;
				PRODUCT_NAME = "$(TARGET_NAME)";
				TEST_TARGET_NAME = velocimetro;
			};
			name = Debug;
		};
		F1A3779C1C74BD3400DC4153 /* Release */ = {
			isa = XCBuildConfiguration;
			buildSettings = {
				INFOPLIST_FILE = velocimetroUITests/Info.plist;
				LD_RUNPATH_SEARCH_PATHS = "$(inherited) @executable_path/Frameworks @loader_path/Frameworks";
				PRODUCT_BUNDLE_IDENTIFIER = es.ajpp.velocimetroUITests;
				PRODUCT_NAME = "$(TARGET_NAME)";
				TEST_TARGET_NAME = velocimetro;
			};
			name = Release;
		};
/* End XCBuildConfiguration section */

/* Begin XCConfigurationList section */
		F1A377671C74BD3400DC4153 /* Build configuration list for PBXProject "velocimetro" */ = {
			isa = XCConfigurationList;
			buildConfigurations = (
				F1A377921C74BD3400DC4153 /* Debug */,
				F1A377931C74BD3400DC4153 /* Release */,
			);
			defaultConfigurationIsVisible = 0;
			defaultConfigurationName = Release;
		};
		F1A377941C74BD3400DC4153 /* Build configuration list for PBXNativeTarget "velocimetro" */ = {
			isa = XCConfigurationList;
			buildConfigurations = (
				F1A377951C74BD3400DC4153 /* Debug */,
				F1A377961C74BD3400DC4153 /* Release */,
			);
			defaultConfigurationIsVisible = 0;
		};
		F1A377971C74BD3400DC4153 /* Build configuration list for PBXNativeTarget "velocimetroTests" */ = {
			isa = XCConfigurationList;
			buildConfigurations = (
				F1A377981C74BD3400DC4153 /* Debug */,
				F1A377991C74BD3400DC4153 /* Release */,
			);
			defaultConfigurationIsVisible = 0;
		};
		F1A3779A1C74BD3400DC4153 /* Build configuration list for PBXNativeTarget "velocimetroUITests" */ = {
			isa = XCConfigurationList;
			buildConfigurations = (
				F1A3779B1C74BD3400DC4153 /* Debug */,
				F1A3779C1C74BD3400DC4153 /* Release */,
			);
			defaultConfigurationIsVisible = 0;
		};
/* End XCConfigurationList section */
	};
	rootObject = F1A377641C74BD3400DC4153 /* Project object */;
}
